
Microsoft Visual Studio Solution File, Format Version 12.00
# Visual Studio 2013
VisualStudioVersion = 12.0.21005.1
MinimumVisualStudioVersion = 10.0.40219.1
Project("{FAE04EC0-301F-11D3-BF4B-00C04F79EFBC}") = "UACSParking", "UACSParking\UACSParking.csproj", "{446F1EF0-3861-4342-AFCD-14755BD00A8F}"
EndProject
Project("{FAE04EC0-301F-11D3-BF4B-00C04F79EFBC}") = "ParkingControlLibrary", "ParkingControlLibrary\ParkingControlLibrary.csproj", "{DF19DBA8-C688-45C3-A07C-B429CD1D4EA0}"
EndProject
Project("{FAE04EC0-301F-11D3-BF4B-00C04F79EFBC}") = "ParkClassLibrary", "ParkClassLibrary\ParkClassLibrary.csproj", "{2EC69A15-9C22-4E66-8CD1-60EB77FBB252}"
EndProject
Global
	GlobalSection(SolutionConfigurationPlatforms) = preSolution
		Debug|Any CPU = Debug|Any CPU
		Release|Any CPU = Release|Any CPU
	EndGlobalSection
	GlobalSection(ProjectConfigurationPlatforms) = postSolution
		{446F1EF0-3861-4342-AFCD-14755BD00A8F}.Debug|Any CPU.ActiveCfg = Debug|Any CPU
		{446F1EF0-3861-4342-AFCD-14755BD00A8F}.Debug|Any CPU.Build.0 = Debug|Any CPU
		{446F1EF0-3861-4342-AFCD-14755BD00A8F}.Release|Any CPU.ActiveCfg = Release|Any CPU
		{446F1EF0-3861-4342-AFCD-14755BD00A8F}.Release|Any CPU.Build.0 = Release|Any CPU
		{DF19DBA8-C688-45C3-A07C-B429CD1D4EA0}.Debug|Any CPU.ActiveCfg = Debug|Any CPU
		{DF19DBA8-C688-45C3-A07C-B429CD1D4EA0}.Debug|Any CPU.Build.0 = Debug|Any CPU
		{DF19DBA8-C688-45C3-A07C-B429CD1D4EA0}.Release|Any CPU.ActiveCfg = Release|Any CPU
		{DF19DBA8-C688-45C3-A07C-B429CD1D4EA0}.Release|Any CPU.Build.0 = Release|Any CPU
		{2EC69A15-9C22-4E66-8CD1-60EB77FBB252}.Debug|Any CPU.ActiveCfg = Debug|Any CPU
		{2EC69A15-9C22-4E66-8CD1-60EB77FBB252}.Debug|Any CPU.Build.0 = Debug|Any CPU
		{2EC69A15-9C22-4E66-8CD1-60EB77FBB252}.Release|Any CPU.ActiveCfg = Release|Any CPU
		{2EC69A15-9C22-4E66-8CD1-60EB77FBB252}.Release|Any CPU.Build.0 = Release|Any CPU
	EndGlobalSection
	GlobalSection(SolutionProperties) = preSolution
		HideSolutionNode = FALSE
	EndGlobalSection
EndGlobal
