
Microsoft Visual Studio Solution File, Format Version 12.00
# Visual Studio 2013
VisualStudioVersion = 12.0.21005.1
MinimumVisualStudioVersion = 10.0.40219.1
Project("{FAE04EC0-301F-11D3-BF4B-00C04F79EFBC}") = "FORMS_OF_REPOSITORIES", "HMI_OF_REPOSITORIES\FORMS_OF_REPOSITORIES.csproj", "{F2EF9F57-DF57-4B38-9326-F81C4833ADEB}"
	ProjectSection(ProjectDependencies) = postProject
		{6D92C22E-BE58-4169-A772-48C9BDB478DD} = {6D92C22E-BE58-4169-A772-48C9BDB478DD}
		{FB8AB564-7561-4B73-93F2-8998A33D90DC} = {FB8AB564-7561-4B73-93F2-8998A33D90DC}
		{0A64A373-D92B-4A58-957B-074F196F5B5A} = {0A64A373-D92B-4A58-957B-074F196F5B5A}
	EndProjectSection
EndProject
Project("{FAE04EC0-301F-11D3-BF4B-00C04F79EFBC}") = "MODEL_OF_REPOSITORIES", "MODEL_OF_REPOSITORIES\MODEL_OF_REPOSITORIES.csproj", "{6D92C22E-BE58-4169-A772-48C9BDB478DD}"
EndProject
Project("{FAE04EC0-301F-11D3-BF4B-00C04F79EFBC}") = "CONTROLS_OF_REPOSITORIES", "CONTROLS_OF_REPOSITORIES\CONTROLS_OF_REPOSITORIES.csproj", "{FB8AB564-7561-4B73-93F2-8998A33D90DC}"
EndProject
Project("{FAE04EC0-301F-11D3-BF4B-00C04F79EFBC}") = "UACSUtility", "UACSUtility\UACSUtility.csproj", "{0A64A373-D92B-4A58-957B-074F196F5B5A}"
EndProject
Project("{FAE04EC0-301F-11D3-BF4B-00C04F79EFBC}") = "UACSParking", "..\FT1UACSParking\UACSParking\UACSParking\UACSParking.csproj", "{446F1EF0-3861-4342-AFCD-14755BD00A8F}"
EndProject
Project("{FAE04EC0-301F-11D3-BF4B-00C04F79EFBC}") = "SubFrmXiaoZhaoCancel", "..\FT1UACSParking\UACSParking\SubFrmXiaoZhaoCancel\SubFrmXiaoZhaoCancel.csproj", "{8E5EF092-74AB-4DB9-AA17-31C37C0EABB6}"
EndProject
Project("{FAE04EC0-301F-11D3-BF4B-00C04F79EFBC}") = "ParkingControlLibrary", "..\FT1UACSParking\UACSParking\ParkingControlLibrary\ParkingControlLibrary.csproj", "{DF19DBA8-C688-45C3-A07C-B429CD1D4EA0}"
EndProject
Project("{FAE04EC0-301F-11D3-BF4B-00C04F79EFBC}") = "ParkClassLibrary", "..\FT1UACSParking\UACSParking\ParkClassLibrary\ParkClassLibrary.csproj", "{2EC69A15-9C22-4E66-8CD1-60EB77FBB252}"
EndProject
Project("{FAE04EC0-301F-11D3-BF4B-00C04F79EFBC}") = "MODULES_OF_PREMIERE", "..\HMI_OF_PREMIERE\MODULES_OF_PREMIERE\MODULES_OF_PREMIERE.csproj", "{C23C9CFE-73C0-47CF-B194-33A2A69E3613}"
EndProject
Project("{FAE04EC0-301F-11D3-BF4B-00C04F79EFBC}") = "HMI_OF_PREMIERE", "..\HMI_OF_PREMIERE\HMI_OF_PREMIERE\HMI_OF_PREMIERE.csproj", "{EE365A2A-1BB3-4C52-BCEE-409E076E11A5}"
EndProject
Project("{FAE04EC0-301F-11D3-BF4B-00C04F79EFBC}") = "CONTROLS_OF_PREMIERE", "..\HMI_OF_PREMIERE\CONTROLS_OF_PREMIERE\CONTROLS_OF_PREMIERE.csproj", "{00DDF2BA-7A27-4AF1-AF78-867040E30954}"
EndProject
Global
	GlobalSection(SolutionConfigurationPlatforms) = preSolution
		Debug|Any CPU = Debug|Any CPU
		Release|Any CPU = Release|Any CPU
	EndGlobalSection
	GlobalSection(ProjectConfigurationPlatforms) = postSolution
		{F2EF9F57-DF57-4B38-9326-F81C4833ADEB}.Debug|Any CPU.ActiveCfg = Debug|Any CPU
		{F2EF9F57-DF57-4B38-9326-F81C4833ADEB}.Debug|Any CPU.Build.0 = Debug|Any CPU
		{F2EF9F57-DF57-4B38-9326-F81C4833ADEB}.Release|Any CPU.ActiveCfg = Release|Any CPU
		{F2EF9F57-DF57-4B38-9326-F81C4833ADEB}.Release|Any CPU.Build.0 = Release|Any CPU
		{6D92C22E-BE58-4169-A772-48C9BDB478DD}.Debug|Any CPU.ActiveCfg = Debug|Any CPU
		{6D92C22E-BE58-4169-A772-48C9BDB478DD}.Debug|Any CPU.Build.0 = Debug|Any CPU
		{6D92C22E-BE58-4169-A772-48C9BDB478DD}.Release|Any CPU.ActiveCfg = Release|Any CPU
		{6D92C22E-BE58-4169-A772-48C9BDB478DD}.Release|Any CPU.Build.0 = Release|Any CPU
		{FB8AB564-7561-4B73-93F2-8998A33D90DC}.Debug|Any CPU.ActiveCfg = Debug|Any CPU
		{FB8AB564-7561-4B73-93F2-8998A33D90DC}.Debug|Any CPU.Build.0 = Debug|Any CPU
		{FB8AB564-7561-4B73-93F2-8998A33D90DC}.Release|Any CPU.ActiveCfg = Release|Any CPU
		{FB8AB564-7561-4B73-93F2-8998A33D90DC}.Release|Any CPU.Build.0 = Release|Any CPU
		{0A64A373-D92B-4A58-957B-074F196F5B5A}.Debug|Any CPU.ActiveCfg = Debug|Any CPU
		{0A64A373-D92B-4A58-957B-074F196F5B5A}.Debug|Any CPU.Build.0 = Debug|Any CPU
		{0A64A373-D92B-4A58-957B-074F196F5B5A}.Release|Any CPU.ActiveCfg = Release|Any CPU
		{0A64A373-D92B-4A58-957B-074F196F5B5A}.Release|Any CPU.Build.0 = Release|Any CPU
		{446F1EF0-3861-4342-AFCD-14755BD00A8F}.Debug|Any CPU.ActiveCfg = Debug|Any CPU
		{446F1EF0-3861-4342-AFCD-14755BD00A8F}.Debug|Any CPU.Build.0 = Debug|Any CPU
		{446F1EF0-3861-4342-AFCD-14755BD00A8F}.Release|Any CPU.ActiveCfg = Release|Any CPU
		{446F1EF0-3861-4342-AFCD-14755BD00A8F}.Release|Any CPU.Build.0 = Release|Any CPU
		{8E5EF092-74AB-4DB9-AA17-31C37C0EABB6}.Debug|Any CPU.ActiveCfg = Debug|Any CPU
		{8E5EF092-74AB-4DB9-AA17-31C37C0EABB6}.Debug|Any CPU.Build.0 = Debug|Any CPU
		{8E5EF092-74AB-4DB9-AA17-31C37C0EABB6}.Release|Any CPU.ActiveCfg = Release|Any CPU
		{8E5EF092-74AB-4DB9-AA17-31C37C0EABB6}.Release|Any CPU.Build.0 = Release|Any CPU
		{DF19DBA8-C688-45C3-A07C-B429CD1D4EA0}.Debug|Any CPU.ActiveCfg = Debug|Any CPU
		{DF19DBA8-C688-45C3-A07C-B429CD1D4EA0}.Debug|Any CPU.Build.0 = Debug|Any CPU
		{DF19DBA8-C688-45C3-A07C-B429CD1D4EA0}.Release|Any CPU.ActiveCfg = Release|Any CPU
		{DF19DBA8-C688-45C3-A07C-B429CD1D4EA0}.Release|Any CPU.Build.0 = Release|Any CPU
		{2EC69A15-9C22-4E66-8CD1-60EB77FBB252}.Debug|Any CPU.ActiveCfg = Debug|Any CPU
		{2EC69A15-9C22-4E66-8CD1-60EB77FBB252}.Debug|Any CPU.Build.0 = Debug|Any CPU
		{2EC69A15-9C22-4E66-8CD1-60EB77FBB252}.Release|Any CPU.ActiveCfg = Release|Any CPU
		{2EC69A15-9C22-4E66-8CD1-60EB77FBB252}.Release|Any CPU.Build.0 = Release|Any CPU
		{C23C9CFE-73C0-47CF-B194-33A2A69E3613}.Debug|Any CPU.ActiveCfg = Debug|Any CPU
		{C23C9CFE-73C0-47CF-B194-33A2A69E3613}.Debug|Any CPU.Build.0 = Debug|Any CPU
		{C23C9CFE-73C0-47CF-B194-33A2A69E3613}.Release|Any CPU.ActiveCfg = Release|Any CPU
		{C23C9CFE-73C0-47CF-B194-33A2A69E3613}.Release|Any CPU.Build.0 = Release|Any CPU
		{EE365A2A-1BB3-4C52-BCEE-409E076E11A5}.Debug|Any CPU.ActiveCfg = Debug|Any CPU
		{EE365A2A-1BB3-4C52-BCEE-409E076E11A5}.Debug|Any CPU.Build.0 = Debug|Any CPU
		{EE365A2A-1BB3-4C52-BCEE-409E076E11A5}.Release|Any CPU.ActiveCfg = Release|Any CPU
		{EE365A2A-1BB3-4C52-BCEE-409E076E11A5}.Release|Any CPU.Build.0 = Release|Any CPU
		{00DDF2BA-7A27-4AF1-AF78-867040E30954}.Debug|Any CPU.ActiveCfg = Debug|Any CPU
		{00DDF2BA-7A27-4AF1-AF78-867040E30954}.Debug|Any CPU.Build.0 = Debug|Any CPU
		{00DDF2BA-7A27-4AF1-AF78-867040E30954}.Release|Any CPU.ActiveCfg = Release|Any CPU
		{00DDF2BA-7A27-4AF1-AF78-867040E30954}.Release|Any CPU.Build.0 = Release|Any CPU
	EndGlobalSection
	GlobalSection(SolutionProperties) = preSolution
		HideSolutionNode = FALSE
	EndGlobalSection
EndGlobal
